
Microsoft Visual Studio Solution File, Format Version 12.00
# Visual Studio Version 17
VisualStudioVersion = 17.8.34330.188
MinimumVisualStudioVersion = 10.0.40219.1
Project("{9A19103F-16F7-4668-BE54-9A1E7A4F7556}") = "Presentation", "src\Presentation\Presentation.csproj", "{2DA24B1A-A0CC-46AA-9D9A-290E8B5F56C9}"
EndProject
Project("{9A19103F-16F7-4668-BE54-9A1E7A4F7556}") = "Application", "src\Application\Application.csproj", "{DED22D90-9532-4421-9E41-FDA445ED556F}"
EndProject
Project("{9A19103F-16F7-4668-BE54-9A1E7A4F7556}") = "Infrastructure", "src\Infrastructure\Infrastructure.csproj", "{59F5AC85-C5EF-4894-A4F7-27018C90C4A1}"
EndProject
Project("{9A19103F-16F7-4668-BE54-9A1E7A4F7556}") = "Domain", "src\Domain\Domain.csproj", "{393F1E37-A638-4C03-BEEC-59C9A49E449E}"
EndProject
Project("{9A19103F-16F7-4668-BE54-9A1E7A4F7556}") = "PresentationPartner", "src\PresentationPartner\PresentationPartner.csproj", "{FFF2F379-7495-4707-97B6-2ED660565EBB}"
EndProject
Project("{2150E333-8FDC-42A3-9474-1A3956D46DE8}") = "tests", "tests", "{C4CDFAF8-1034-462B-A705-245EA12D01DC}"
EndProject
Project("{2150E333-8FDC-42A3-9474-1A3956D46DE8}") = "src", "src", "{ECCB2859-1857-453D-A731-3C42761A6A46}"
EndProject
Project("{FAE04EC0-301F-11D3-BF4B-00C04F79EFBC}") = "Domain.Tests", "tests\Domain.Tests\Domain.Tests.csproj", "{131D1661-2AFD-4A8C-A5FE-18CF555C541E}"
EndProject
Global
	GlobalSection(SolutionConfigurationPlatforms) = preSolution
		Debug|Any CPU = Debug|Any CPU
		Release|Any CPU = Release|Any CPU
	EndGlobalSection
	GlobalSection(ProjectConfigurationPlatforms) = postSolution
		{2DA24B1A-A0CC-46AA-9D9A-290E8B5F56C9}.Debug|Any CPU.ActiveCfg = Debug|Any CPU
		{2DA24B1A-A0CC-46AA-9D9A-290E8B5F56C9}.Debug|Any CPU.Build.0 = Debug|Any CPU
		{2DA24B1A-A0CC-46AA-9D9A-290E8B5F56C9}.Release|Any CPU.ActiveCfg = Release|Any CPU
		{2DA24B1A-A0CC-46AA-9D9A-290E8B5F56C9}.Release|Any CPU.Build.0 = Release|Any CPU
		{DED22D90-9532-4421-9E41-FDA445ED556F}.Debug|Any CPU.ActiveCfg = Debug|Any CPU
		{DED22D90-9532-4421-9E41-FDA445ED556F}.Debug|Any CPU.Build.0 = Debug|Any CPU
		{DED22D90-9532-4421-9E41-FDA445ED556F}.Release|Any CPU.ActiveCfg = Release|Any CPU
		{DED22D90-9532-4421-9E41-FDA445ED556F}.Release|Any CPU.Build.0 = Release|Any CPU
		{59F5AC85-C5EF-4894-A4F7-27018C90C4A1}.Debug|Any CPU.ActiveCfg = Debug|Any CPU
		{59F5AC85-C5EF-4894-A4F7-27018C90C4A1}.Debug|Any CPU.Build.0 = Debug|Any CPU
		{59F5AC85-C5EF-4894-A4F7-27018C90C4A1}.Release|Any CPU.ActiveCfg = Release|Any CPU
		{59F5AC85-C5EF-4894-A4F7-27018C90C4A1}.Release|Any CPU.Build.0 = Release|Any CPU
		{393F1E37-A638-4C03-BEEC-59C9A49E449E}.Debug|Any CPU.ActiveCfg = Debug|Any CPU
		{393F1E37-A638-4C03-BEEC-59C9A49E449E}.Debug|Any CPU.Build.0 = Debug|Any CPU
		{393F1E37-A638-4C03-BEEC-59C9A49E449E}.Release|Any CPU.ActiveCfg = Release|Any CPU
		{393F1E37-A638-4C03-BEEC-59C9A49E449E}.Release|Any CPU.Build.0 = Release|Any CPU
		{FFF2F379-7495-4707-97B6-2ED660565EBB}.Debug|Any CPU.ActiveCfg = Debug|Any CPU
		{FFF2F379-7495-4707-97B6-2ED660565EBB}.Debug|Any CPU.Build.0 = Debug|Any CPU
		{FFF2F379-7495-4707-97B6-2ED660565EBB}.Release|Any CPU.ActiveCfg = Release|Any CPU
		{FFF2F379-7495-4707-97B6-2ED660565EBB}.Release|Any CPU.Build.0 = Release|Any CPU
		{131D1661-2AFD-4A8C-A5FE-18CF555C541E}.Debug|Any CPU.ActiveCfg = Debug|Any CPU
		{131D1661-2AFD-4A8C-A5FE-18CF555C541E}.Debug|Any CPU.Build.0 = Debug|Any CPU
		{131D1661-2AFD-4A8C-A5FE-18CF555C541E}.Release|Any CPU.ActiveCfg = Release|Any CPU
		{131D1661-2AFD-4A8C-A5FE-18CF555C541E}.Release|Any CPU.Build.0 = Release|Any CPU
	EndGlobalSection
	GlobalSection(SolutionProperties) = preSolution
		HideSolutionNode = FALSE
	EndGlobalSection
	GlobalSection(NestedProjects) = preSolution
		{2DA24B1A-A0CC-46AA-9D9A-290E8B5F56C9} = {ECCB2859-1857-453D-A731-3C42761A6A46}
		{DED22D90-9532-4421-9E41-FDA445ED556F} = {ECCB2859-1857-453D-A731-3C42761A6A46}
		{59F5AC85-C5EF-4894-A4F7-27018C90C4A1} = {ECCB2859-1857-453D-A731-3C42761A6A46}
		{393F1E37-A638-4C03-BEEC-59C9A49E449E} = {ECCB2859-1857-453D-A731-3C42761A6A46}
		{FFF2F379-7495-4707-97B6-2ED660565EBB} = {ECCB2859-1857-453D-A731-3C42761A6A46}
		{131D1661-2AFD-4A8C-A5FE-18CF555C541E} = {C4CDFAF8-1034-462B-A705-245EA12D01DC}
	EndGlobalSection
	GlobalSection(ExtensibilityGlobals) = postSolution
		SolutionGuid = {58D254E6-2BF8-40F6-9613-3C0A94AE52D9}
	EndGlobalSection
EndGlobal
